{
  "projects": [
    {
      "projectId": "fhC1PcmXtYuFCXeGvPKYae",
      "version": "latest",
      "dependencies": {},
      "lang": "ts",
      "fileLocks": [
        {
          "type": "globalVariant",
          "assetId": "rH1Dz3oln4OV",
          "checksum": "612d707506745d41f2c8710d56e4370c"
        },
        {
          "type": "renderModule",
          "assetId": "FtrPpGnvTw3n",
          "checksum": "c1d673849f326a1d9262aa5c58b68de2"
        },
        {
          "type": "cssRules",
          "assetId": "FtrPpGnvTw3n",
          "checksum": "c1d673849f326a1d9262aa5c58b68de2"
        },
        {
          "assetId": "fhC1PcmXtYuFCXeGvPKYae",
          "type": "projectCss",
          "checksum": "69daea28c9ab1de4a673c096e060fbd6"
        }
      ],
      "codegenVersion": "0.0.1"
    }
  ],
  "cliVersion": "0.1.329"
}
